// !$*UTF8*$!
{
	archiveVersion = 1;
	classes = {
	};
	objectVersion = 56;
	objects = {

/* Begin PBXBuildFile section */
		EE4337C1290909F900A15C23 /* AppApp.swift in Sources */ = {isa = PBXBuildFile; fileRef = EE4337C0290909F900A15C23 /* AppApp.swift */; };
		EE4337C3290909F900A15C23 /* ContentView.swift in Sources */ = {isa = PBXBuildFile; fileRef = EE4337C2290909F900A15C23 /* ContentView.swift */; };
		EE4337C5290909FB00A15C23 /* Assets.xcassets in Resources */ = {isa = PBXBuildFile; fileRef = EE4337C4290909FB00A15C23 /* Assets.xcassets */; };
		EE4337C8290909FB00A15C23 /* Preview Assets.xcassets in Resources */ = {isa = PBXBuildFile; fileRef = EE4337C7290909FB00A15C23 /* Preview Assets.xcassets */; };
		EE4337D3290909FB00A15C23 /* AppTests.swift in Sources */ = {isa = PBXBuildFile; fileRef = EE4337D2290909FB00A15C23 /* AppTests.swift */; };
		EE4337DD290909FB00A15C23 /* AppUITests.swift in Sources */ = {isa = PBXBuildFile; fileRef = EE4337DC290909FB00A15C23 /* AppUITests.swift */; };
		EE4337DF290909FB00A15C23 /* AppUITestsLaunchTests.swift in Sources */ = {isa = PBXBuildFile; fileRef = EE4337DE290909FB00A15C23 /* AppUITestsLaunchTests.swift */; };
/* End PBXBuildFile section */

/* Begin PBXContainerItemProxy section */
		EE4337CF290909FB00A15C23 /* PBXContainerItemProxy */ = {
			isa = PBXContainerItemProxy;
			containerPortal = EE4337B5290909F900A15C23 /* Project object */;
			proxyType = 1;
			remoteGlobalIDString = EE4337BC290909F900A15C23;
			remoteInfo = App;
		};
		EE4337D9290909FB00A15C23 /* PBXContainerItemProxy */ = {
			isa = PBXContainerItemProxy;
			containerPortal = EE4337B5290909F900A15C23 /* Project object */;
			proxyType = 1;
			remoteGlobalIDString = EE4337BC290909F900A15C23;
			remoteInfo = App;
		};
/* End PBXContainerItemProxy section */

/* Begin PBXFileReference section */
		EE4337BD290909F900A15C23 /* App.app */ = {isa = PBXFileReference; explicitFileType = wrapper.application; includeInIndex = 0; path = App.app; sourceTree = BUILT_PRODUCTS_DIR; };
		EE4337C0290909F900A15C23 /* AppApp.swift */ = {isa = PBXFileReference; lastKnownFileType = sourcecode.swift; path = AppApp.swift; sourceTree = "<group>"; };
		EE4337C2290909F900A15C23 /* ContentView.swift */ = {isa = PBXFileReference; lastKnownFileType = sourcecode.swift; path = ContentView.swift; sourceTree = "<group>"; };
		EE4337C4290909FB00A15C23 /* Assets.xcassets */ = {isa = PBXFileReference; lastKnownFileType = folder.assetcatalog; path = Assets.xcassets; sourceTree = "<group>"; };
		EE4337C7290909FB00A15C23 /* Preview Assets.xcassets */ = {isa = PBXFileReference; lastKnownFileType = folder.assetcatalog; path = "Preview Assets.xcassets"; sourceTree = "<group>"; };
		EE4337C9290909FB00A15C23 /* App.entitlements */ = {isa = PBXFileReference; lastKnownFileType = text.plist.entitlements; path = App.entitlements; sourceTree = "<group>"; };
		EE4337CE290909FB00A15C23 /* AppTests.xctest */ = {isa = PBXFileReference; explicitFileType = wrapper.cfbundle; includeInIndex = 0; path = AppTests.xctest; sourceTree = BUILT_PRODUCTS_DIR; };
		EE4337D2290909FB00A15C23 /* AppTests.swift */ = {isa = PBXFileReference; lastKnownFileType = sourcecode.swift; path = AppTests.swift; sourceTree = "<group>"; };
		EE4337D8290909FB00A15C23 /* AppUITests.xctest */ = {isa = PBXFileReference; explicitFileType = wrapper.cfbundle; includeInIndex = 0; path = AppUITests.xctest; sourceTree = BUILT_PRODUCTS_DIR; };
		EE4337DC290909FB00A15C23 /* AppUITests.swift */ = {isa = PBXFileReference; lastKnownFileType = sourcecode.swift; path = AppUITests.swift; sourceTree = "<group>"; };
		EE4337DE290909FB00A15C23 /* AppUITestsLaunchTests.swift */ = {isa = PBXFileReference; lastKnownFileType = sourcecode.swift; path = AppUITestsLaunchTests.swift; sourceTree = "<group>"; };
/* End PBXFileReference section */

/* Begin PBXFrameworksBuildPhase section */
		EE4337BA290909F900A15C23 /* Frameworks */ = {
			isa = PBXFrameworksBuildPhase;
			buildActionMask = 2147483647;
			files = (
			);
			runOnlyForDeploymentPostprocessing = 0;
		};
		EE4337CB290909FB00A15C23 /* Frameworks */ = {
			isa = PBXFrameworksBuildPhase;
			buildActionMask = 2147483647;
			files = (
			);
			runOnlyForDeploymentPostprocessing = 0;
		};
		EE4337D5290909FB00A15C23 /* Frameworks */ = {
			isa = PBXFrameworksBuildPhase;
			buildActionMask = 2147483647;
			files = (
			);
			runOnlyForDeploymentPostprocessing = 0;
		};
/* End PBXFrameworksBuildPhase section */

/* Begin PBXGroup section */
		EE4337B4290909F900A15C23 = {
			isa = PBXGroup;
			children = (
				EE4337BF290909F900A15C23 /* App */,
				EE4337D1290909FB00A15C23 /* AppTests */,
				EE4337DB290909FB00A15C23 /* AppUITests */,
				EE4337BE290909F900A15C23 /* Products */,
			);
			sourceTree = "<group>";
		};
		EE4337BE290909F900A15C23 /* Products */ = {
			isa = PBXGroup;
			children = (
				EE4337BD290909F900A15C23 /* App.app */,
				EE4337CE290909FB00A15C23 /* AppTests.xctest */,
				EE4337D8290909FB00A15C23 /* AppUITests.xctest */,
			);
			name = Products;
			sourceTree = "<group>";
		};
		EE4337BF290909F900A15C23 /* App */ = {
			isa = PBXGroup;
			children = (
				EE4337C0290909F900A15C23 /* AppApp.swift */,
				EE4337C2290909F900A15C23 /* ContentView.swift */,
				EE4337C4290909FB00A15C23 /* Assets.xcassets */,
				EE4337C9290909FB00A15C23 /* App.entitlements */,
				EE4337C6290909FB00A15C23 /* Preview Content */,
			);
			path = App;
			sourceTree = "<group>";
		};
		EE4337C6290909FB00A15C23 /* Preview Content */ = {
			isa = PBXGroup;
			children = (
				EE4337C7290909FB00A15C23 /* Preview Assets.xcassets */,
			);
			path = "Preview Content";
			sourceTree = "<group>";
		};
		EE4337D1290909FB00A15C23 /* AppTests */ = {
			isa = PBXGroup;
			children = (
				EE4337D2290909FB00A15C23 /* AppTests.swift */,
			);
			path = AppTests;
			sourceTree = "<group>";
		};
		EE4337DB290909FB00A15C23 /* AppUITests */ = {
			isa = PBXGroup;
			children = (
				EE4337DC290909FB00A15C23 /* AppUITests.swift */,
				EE4337DE290909FB00A15C23 /* AppUITestsLaunchTests.swift */,
			);
			path = AppUITests;
			sourceTree = "<group>";
		};
/* End PBXGroup section */

/* Begin PBXNativeTarget section */
		EE4337BC290909F900A15C23 /* App */ = {
			isa = PBXNativeTarget;
			buildConfigurationList = EE4337E2290909FB00A15C23 /* Build configuration list for PBXNativeTarget "App" */;
			buildPhases = (
				EE4337B9290909F900A15C23 /* Sources */,
				EE4337BA290909F900A15C23 /* Frameworks */,
				EE4337BB290909F900A15C23 /* Resources */,
			);
			buildRules = (
			);
			dependencies = (
			);
			name = App;
			productName = App;
			productReference = EE4337BD290909F900A15C23 /* App.app */;
			productType = "com.apple.product-type.application";
		};
		EE4337CD290909FB00A15C23 /* AppTests */ = {
			isa = PBXNativeTarget;
			buildConfigurationList = EE4337E5290909FB00A15C23 /* Build configuration list for PBXNativeTarget "AppTests" */;
			buildPhases = (
				EE4337CA290909FB00A15C23 /* Sources */,
				EE4337CB290909FB00A15C23 /* Frameworks */,
				EE4337CC290909FB00A15C23 /* Resources */,
			);
			buildRules = (
			);
			dependencies = (
				EE4337D0290909FB00A15C23 /* PBXTargetDependency */,
			);
			name = AppTests;
			productName = AppTests;
			productReference = EE4337CE290909FB00A15C23 /* AppTests.xctest */;
			productType = "com.apple.product-type.bundle.unit-test";
		};
		EE4337D7290909FB00A15C23 /* AppUITests */ = {
			isa = PBXNativeTarget;
			buildConfigurationList = EE4337E8290909FB00A15C23 /* Build configuration list for PBXNativeTarget "AppUITests" */;
			buildPhases = (
				EE4337D4290909FB00A15C23 /* Sources */,
				EE4337D5290909FB00A15C23 /* Frameworks */,
				EE4337D6290909FB00A15C23 /* Resources */,
			);
			buildRules = (
			);
			dependencies = (
				EE4337DA290909FB00A15C23 /* PBXTargetDependency */,
			);
			name = AppUITests;
			productName = AppUITests;
			productReference = EE4337D8290909FB00A15C23 /* AppUITests.xctest */;
			productType = "com.apple.product-type.bundle.ui-testing";
		};
/* End PBXNativeTarget section */

/* Begin PBXProject section */
		EE4337B5290909F900A15C23 /* Project object */ = {
			isa = PBXProject;
			attributes = {
				BuildIndependentTargetsInParallel = 1;
				LastSwiftUpdateCheck = 1400;
				LastUpgradeCheck = 1400;
				TargetAttributes = {
					EE4337BC290909F900A15C23 = {
						CreatedOnToolsVersion = 14.0.1;
					};
					EE4337CD290909FB00A15C23 = {
						CreatedOnToolsVersion = 14.0.1;
						TestTargetID = EE4337BC290909F900A15C23;
					};
					EE4337D7290909FB00A15C23 = {
						CreatedOnToolsVersion = 14.0.1;
						TestTargetID = EE4337BC290909F900A15C23;
					};
				};
			};
			buildConfigurationList = EE4337B8290909F900A15C23 /* Build configuration list for PBXProject "App" */;
			compatibilityVersion = "Xcode 14.0";
			developmentRegion = en;
			hasScannedForEncodings = 0;
			knownRegions = (
				en,
				Base,
			);
			mainGroup = EE4337B4290909F900A15C23;
			productRefGroup = EE4337BE290909F900A15C23 /* Products */;
			projectDirPath = "";
			projectRoot = "";
			targets = (
				EE4337BC290909F900A15C23 /* App */,
				EE4337CD290909FB00A15C23 /* AppTests */,
				EE4337D7290909FB00A15C23 /* AppUITests */,
			);
		};
/* End PBXProject section */

/* Begin PBXResourcesBuildPhase section */
		EE4337BB290909F900A15C23 /* Resources */ = {
			isa = PBXResourcesBuildPhase;
			buildActionMask = 2147483647;
			files = (
				EE4337C8290909FB00A15C23 /* Preview Assets.xcassets in Resources */,
				EE4337C5290909FB00A15C23 /* Assets.xcassets in Resources */,
			);
			runOnlyForDeploymentPostprocessing = 0;
		};
		EE4337CC290909FB00A15C23 /* Resources */ = {
			isa = PBXResourcesBuildPhase;
			buildActionMask = 2147483647;
			files = (
			);
			runOnlyForDeploymentPostprocessing = 0;
		};
		EE4337D6290909FB00A15C23 /* Resources */ = {
			isa = PBXResourcesBuildPhase;
			buildActionMask = 2147483647;
			files = (
			);
			runOnlyForDeploymentPostprocessing = 0;
		};
/* End PBXResourcesBuildPhase section */

/* Begin PBXSourcesBuildPhase section */
		EE4337B9290909F900A15C23 /* Sources */ = {
			isa = PBXSourcesBuildPhase;
			buildActionMask = 2147483647;
			files = (
				EE4337C3290909F900A15C23 /* ContentView.swift in Sources */,
				EE4337C1290909F900A15C23 /* AppApp.swift in Sources */,
			);
			runOnlyForDeploymentPostprocessing = 0;
		};
		EE4337CA290909FB00A15C23 /* Sources */ = {
			isa = PBXSourcesBuildPhase;
			buildActionMask = 2147483647;
			files = (
				EE4337D3290909FB00A15C23 /* AppTests.swift in Sources */,
			);
			runOnlyForDeploymentPostprocessing = 0;
		};
		EE4337D4290909FB00A15C23 /* Sources */ = {
			isa = PBXSourcesBuildPhase;
			buildActionMask = 2147483647;
			files = (
				EE4337DF290909FB00A15C23 /* AppUITestsLaunchTests.swift in Sources */,
				EE4337DD290909FB00A15C23 /* AppUITests.swift in Sources */,
			);
			runOnlyForDeploymentPostprocessing = 0;
		};
/* End PBXSourcesBuildPhase section */

/* Begin PBXTargetDependency section */
		EE4337D0290909FB00A15C23 /* PBXTargetDependency */ = {
			isa = PBXTargetDependency;
			target = EE4337BC290909F900A15C23 /* App */;
			targetProxy = EE4337CF290909FB00A15C23 /* PBXContainerItemProxy */;
		};
		EE4337DA290909FB00A15C23 /* PBXTargetDependency */ = {
			isa = PBXTargetDependency;
			target = EE4337BC290909F900A15C23 /* App */;
			targetProxy = EE4337D9290909FB00A15C23 /* PBXContainerItemProxy */;
		};
/* End PBXTargetDependency section */

/* Begin XCBuildConfiguration section */
		EE4337E0290909FB00A15C23 /* Debug */ = {
			isa = XCBuildConfiguration;
			buildSettings = {
				ALWAYS_SEARCH_USER_PATHS = NO;
				CLANG_ANALYZER_NONNULL = YES;
				CLANG_ANALYZER_NUMBER_OBJECT_CONVERSION = YES_AGGRESSIVE;
				CLANG_CXX_LANGUAGE_STANDARD = "gnu++20";
				CLANG_ENABLE_MODULES = YES;
				CLANG_ENABLE_OBJC_ARC = YES;
				CLANG_ENABLE_OBJC_WEAK = YES;
				CLANG_WARN_BLOCK_CAPTURE_AUTORELEASING = YES;
				CLANG_WARN_BOOL_CONVERSION = YES;
				CLANG_WARN_COMMA = YES;
				CLANG_WARN_CONSTANT_CONVERSION = YES;
				CLANG_WARN_DEPRECATED_OBJC_IMPLEMENTATIONS = YES;
				CLANG_WARN_DIRECT_OBJC_ISA_USAGE = YES_ERROR;
				CLANG_WARN_DOCUMENTATION_COMMENTS = YES;
				CLANG_WARN_EMPTY_BODY = YES;
				CLANG_WARN_ENUM_CONVERSION = YES;
				CLANG_WARN_INFINITE_RECURSION = YES;
				CLANG_WARN_INT_CONVERSION = YES;
				CLANG_WARN_NON_LITERAL_NULL_CONVERSION = YES;
				CLANG_WARN_OBJC_IMPLICIT_RETAIN_SELF = YES;
				CLANG_WARN_OBJC_LITERAL_CONVERSION = YES;
				CLANG_WARN_OBJC_ROOT_CLASS = YES_ERROR;
				CLANG_WARN_QUOTED_INCLUDE_IN_FRAMEWORK_HEADER = YES;
				CLANG_WARN_RANGE_LOOP_ANALYSIS = YES;
				CLANG_WARN_STRICT_PROTOTYPES = YES;
				CLANG_WARN_SUSPICIOUS_MOVE = YES;
				CLANG_WARN_UNGUARDED_AVAILABILITY = YES_AGGRESSIVE;
				CLANG_WARN_UNREACHABLE_CODE = YES;
				CLANG_WARN__DUPLICATE_METHOD_MATCH = YES;
				COPY_PHASE_STRIP = NO;
				DEBUG_INFORMATION_FORMAT = dwarf;
				ENABLE_STRICT_OBJC_MSGSEND = YES;
				ENABLE_TESTABILITY = YES;
				GCC_C_LANGUAGE_STANDARD = gnu11;
				GCC_DYNAMIC_NO_PIC = NO;
				GCC_NO_COMMON_BLOCKS = YES;
				GCC_OPTIMIZATION_LEVEL = 0;
				GCC_PREPROCESSOR_DEFINITIONS = (
					"DEBUG=1",
					"$(inherited)",
				);
				GCC_WARN_64_TO_32_BIT_CONVERSION = YES;
				GCC_WARN_ABOUT_RETURN_TYPE = YES_ERROR;
				GCC_WARN_UNDECLARED_SELECTOR = YES;
				GCC_WARN_UNINITIALIZED_AUTOS = YES_AGGRESSIVE;
				GCC_WARN_UNUSED_FUNCTION = YES;
				GCC_WARN_UNUSED_VARIABLE = YES;
				MACOSX_DEPLOYMENT_TARGET = 12.3;
				MTL_ENABLE_DEBUG_INFO = INCLUDE_SOURCE;
				MTL_FAST_MATH = YES;
				ONLY_ACTIVE_ARCH = YES;
				SDKROOT = macosx;
				SWIFT_ACTIVE_COMPILATION_CONDITIONS = DEBUG;
				SWIFT_OPTIMIZATION_LEVEL = "-Onone";
			};
			name = Debug;
		};
		EE4337E1290909FB00A15C23 /* Release */ = {
			isa = XCBuildConfiguration;
			buildSettings = {
				ALWAYS_SEARCH_USER_PATHS = NO;
				CLANG_ANALYZER_NONNULL = YES;
				CLANG_ANALYZER_NUMBER_OBJECT_CONVERSION = YES_AGGRESSIVE;
				CLANG_CXX_LANGUAGE_STANDARD = "gnu++20";
				CLANG_ENABLE_MODULES = YES;
				CLANG_ENABLE_OBJC_ARC = YES;
				CLANG_ENABLE_OBJC_WEAK = YES;
				CLANG_WARN_BLOCK_CAPTURE_AUTORELEASING = YES;
				CLANG_WARN_BOOL_CONVERSION = YES;
				CLANG_WARN_COMMA = YES;
				CLANG_WARN_CONSTANT_CONVERSION = YES;
				CLANG_WARN_DEPRECATED_OBJC_IMPLEMENTATIONS = YES;
				CLANG_WARN_DIRECT_OBJC_ISA_USAGE = YES_ERROR;
				CLANG_WARN_DOCUMENTATION_COMMENTS = YES;
				CLANG_WARN_EMPTY_BODY = YES;
				CLANG_WARN_ENUM_CONVERSION = YES;
				CLANG_WARN_INFINITE_RECURSION = YES;
				CLANG_WARN_INT_CONVERSION = YES;
				CLANG_WARN_NON_LITERAL_NULL_CONVERSION = YES;
				CLANG_WARN_OBJC_IMPLICIT_RETAIN_SELF = YES;
				CLANG_WARN_OBJC_LITERAL_CONVERSION = YES;
				CLANG_WARN_OBJC_ROOT_CLASS = YES_ERROR;
				CLANG_WARN_QUOTED_INCLUDE_IN_FRAMEWORK_HEADER = YES;
				CLANG_WARN_RANGE_LOOP_ANALYSIS = YES;
				CLANG_WARN_STRICT_PROTOTYPES = YES;
				CLANG_WARN_SUSPICIOUS_MOVE = YES;
				CLANG_WARN_UNGUARDED_AVAILABILITY = YES_AGGRESSIVE;
				CLANG_WARN_UNREACHABLE_CODE = YES;
				CLANG_WARN__DUPLICATE_METHOD_MATCH = YES;
				COPY_PHASE_STRIP = NO;
				DEBUG_INFORMATION_FORMAT = "dwarf-with-dsym";
				ENABLE_NS_ASSERTIONS = NO;
				ENABLE_STRICT_OBJC_MSGSEND = YES;
				GCC_C_LANGUAGE_STANDARD = gnu11;
				GCC_NO_COMMON_BLOCKS = YES;
				GCC_WARN_64_TO_32_BIT_CONVERSION = YES;
				GCC_WARN_ABOUT_RETURN_TYPE = YES_ERROR;
				GCC_WARN_UNDECLARED_SELECTOR = YES;
				GCC_WARN_UNINITIALIZED_AUTOS = YES_AGGRESSIVE;
				GCC_WARN_UNUSED_FUNCTION = YES;
				GCC_WARN_UNUSED_VARIABLE = YES;
				MACOSX_DEPLOYMENT_TARGET = 12.3;
				MTL_ENABLE_DEBUG_INFO = NO;
				MTL_FAST_MATH = YES;
				SDKROOT = macosx;
				SWIFT_COMPILATION_MODE = wholemodule;
				SWIFT_OPTIMIZATION_LEVEL = "-O";
			};
			name = Release;
		};
		EE4337E3290909FB00A15C23 /* Debug */ = {
			isa = XCBuildConfiguration;
			buildSettings = {
				ASSETCATALOG_COMPILER_APPICON_NAME = AppIcon;
				ASSETCATALOG_COMPILER_GLOBAL_ACCENT_COLOR_NAME = AccentColor;
				CODE_SIGN_ENTITLEMENTS = App/App.entitlements;
				CODE_SIGN_STYLE = Automatic;
				COMBINE_HIDPI_IMAGES = YES;
				CURRENT_PROJECT_VERSION = 1;
				DEVELOPMENT_ASSET_PATHS = "\"App/Preview Content\"";
				DEVELOPMENT_TEAM = K3S8ZVHXJG;
				ENABLE_HARDENED_RUNTIME = YES;
				ENABLE_PREVIEWS = YES;
				GENERATE_INFOPLIST_FILE = YES;
				INFOPLIST_KEY_NSHumanReadableCopyright = "";
				LD_RUNPATH_SEARCH_PATHS = (
					"$(inherited)",
					"@executable_path/../Frameworks",
				);
				MARKETING_VERSION = 1.0;
				PRODUCT_BUNDLE_IDENTIFIER = "Bill-Chen.App";
				PRODUCT_NAME = "$(TARGET_NAME)";
				SWIFT_EMIT_LOC_STRINGS = YES;
				SWIFT_VERSION = 5.0;
			};
			name = Debug;
		};
		EE4337E4290909FB00A15C23 /* Release */ = {
			isa = XCBuildConfiguration;
			buildSettings = {
				ASSETCATALOG_COMPILER_APPICON_NAME = AppIcon;
				ASSETCATALOG_COMPILER_GLOBAL_ACCENT_COLOR_NAME = AccentColor;
				CODE_SIGN_ENTITLEMENTS = App/App.entitlements;
				CODE_SIGN_STYLE = Automatic;
				COMBINE_HIDPI_IMAGES = YES;
				CURRENT_PROJECT_VERSION = 1;
				DEVELOPMENT_ASSET_PATHS = "\"App/Preview Content\"";
				DEVELOPMENT_TEAM = K3S8ZVHXJG;
				ENABLE_HARDENED_RUNTIME = YES;
				ENABLE_PREVIEWS = YES;
				GENERATE_INFOPLIST_FILE = YES;
				INFOPLIST_KEY_NSHumanReadableCopyright = "";
				LD_RUNPATH_SEARCH_PATHS = (
					"$(inherited)",
					"@executable_path/../Frameworks",
				);
				MARKETING_VERSION = 1.0;
				PRODUCT_BUNDLE_IDENTIFIER = "Bill-Chen.App";
				PRODUCT_NAME = "$(TARGET_NAME)";
				SWIFT_EMIT_LOC_STRINGS = YES;
				SWIFT_VERSION = 5.0;
			};
			name = Release;
		};
		EE4337E6290909FB00A15C23 /* Debug */ = {
			isa = XCBuildConfiguration;
			buildSettings = {
				ALWAYS_EMBED_SWIFT_STANDARD_LIBRARIES = YES;
				BUNDLE_LOADER = "$(TEST_HOST)";
				CODE_SIGN_STYLE = Automatic;
				CURRENT_PROJECT_VERSION = 1;
				DEVELOPMENT_TEAM = K3S8ZVHXJG;
				GENERATE_INFOPLIST_FILE = YES;
				MACOSX_DEPLOYMENT_TARGET = 12.3;
				MARKETING_VERSION = 1.0;
				PRODUCT_BUNDLE_IDENTIFIER = "Bill-Chen.AppTests";
				PRODUCT_NAME = "$(TARGET_NAME)";
				SWIFT_EMIT_LOC_STRINGS = NO;
				SWIFT_VERSION = 5.0;
				TEST_HOST = "$(BUILT_PRODUCTS_DIR)/App.app/$(BUNDLE_EXECUTABLE_FOLDER_PATH)/App";
			};
			name = Debug;
		};
		EE4337E7290909FB00A15C23 /* Release */ = {
			isa = XCBuildConfiguration;
			buildSettings = {
				ALWAYS_EMBED_SWIFT_STANDARD_LIBRARIES = YES;
				BUNDLE_LOADER = "$(TEST_HOST)";
				CODE_SIGN_STYLE = Automatic;
				CURRENT_PROJECT_VERSION = 1;
				DEVELOPMENT_TEAM = K3S8ZVHXJG;
				GENERATE_INFOPLIST_FILE = YES;
				MACOSX_DEPLOYMENT_TARGET = 12.3;
				MARKETING_VERSION = 1.0;
				PRODUCT_BUNDLE_IDENTIFIER = "Bill-Chen.AppTests";
				PRODUCT_NAME = "$(TARGET_NAME)";
				SWIFT_EMIT_LOC_STRINGS = NO;
				SWIFT_VERSION = 5.0;
				TEST_HOST = "$(BUILT_PRODUCTS_DIR)/App.app/$(BUNDLE_EXECUTABLE_FOLDER_PATH)/App";
			};
			name = Release;
		};
		EE4337E9290909FB00A15C23 /* Debug */ = {
			isa = XCBuildConfiguration;
			buildSettings = {
				ALWAYS_EMBED_SWIFT_STANDARD_LIBRARIES = YES;
				CODE_SIGN_STYLE = Automatic;
				CURRENT_PROJECT_VERSION = 1;
				DEVELOPMENT_TEAM = K3S8ZVHXJG;
				GENERATE_INFOPLIST_FILE = YES;
				MARKETING_VERSION = 1.0;
				PRODUCT_BUNDLE_IDENTIFIER = "Bill-Chen.AppUITests";
				PRODUCT_NAME = "$(TARGET_NAME)";
				SWIFT_EMIT_LOC_STRINGS = NO;
				SWIFT_VERSION = 5.0;
				TEST_TARGET_NAME = App;
			};
			name = Debug;
		};
		EE4337EA290909FB00A15C23 /* Release */ = {
			isa = XCBuildConfiguration;
			buildSettings = {
				ALWAYS_EMBED_SWIFT_STANDARD_LIBRARIES = YES;
				CODE_SIGN_STYLE = Automatic;
				CURRENT_PROJECT_VERSION = 1;
				DEVELOPMENT_TEAM = K3S8ZVHXJG;
				GENERATE_INFOPLIST_FILE = YES;
				MARKETING_VERSION = 1.0;
				PRODUCT_BUNDLE_IDENTIFIER = "Bill-Chen.AppUITests";
				PRODUCT_NAME = "$(TARGET_NAME)";
				SWIFT_EMIT_LOC_STRINGS = NO;
				SWIFT_VERSION = 5.0;
				TEST_TARGET_NAME = App;
			};
			name = Release;
		};
/* End XCBuildConfiguration section */

/* Begin XCConfigurationList section */
		EE4337B8290909F900A15C23 /* Build configuration list for PBXProject "App" */ = {
			isa = XCConfigurationList;
			buildConfigurations = (
				EE4337E0290909FB00A15C23 /* Debug */,
				EE4337E1290909FB00A15C23 /* Release */,
			);
			defaultConfigurationIsVisible = 0;
			defaultConfigurationName = Release;
		};
		EE4337E2290909FB00A15C23 /* Build configuration list for PBXNativeTarget "App" */ = {
			isa = XCConfigurationList;
			buildConfigurations = (
				EE4337E3290909FB00A15C23 /* Debug */,
				EE4337E4290909FB00A15C23 /* Release */,
			);
			defaultConfigurationIsVisible = 0;
			defaultConfigurationName = Release;
		};
		EE4337E5290909FB00A15C23 /* Build configuration list for PBXNativeTarget "AppTests" */ = {
			isa = XCConfigurationList;
			buildConfigurations = (
				EE4337E6290909FB00A15C23 /* Debug */,
				EE4337E7290909FB00A15C23 /* Release */,
			);
			defaultConfigurationIsVisible = 0;
			defaultConfigurationName = Release;
		};
		EE4337E8290909FB00A15C23 /* Build configuration list for PBXNativeTarget "AppUITests" */ = {
			isa = XCConfigurationList;
			buildConfigurations = (
				EE4337E9290909FB00A15C23 /* Debug */,
				EE4337EA290909FB00A15C23 /* Release */,
			);
			defaultConfigurationIsVisible = 0;
			defaultConfigurationName = Release;
		};
/* End XCConfigurationList section */
	};
	rootObject = EE4337B5290909F900A15C23 /* Project object */;
}
